
Microsoft Visual Studio Solution File, Format Version 12.00
# Visual Studio Version 17
VisualStudioVersion = 17.2.32602.215
MinimumVisualStudioVersion = 15.0.26124.0
Project("{9A19103F-16F7-4668-BE54-9A1E7A4F7556}") = "WebhookTemplate.AzureFunction", "WebhookTemplate.AzureFunction\WebhookTemplate.AzureFunction.csproj", "{D0EDEA00-7BB0-4A72-AA4C-A794E41F6A37}"
EndProject
Project("{9A19103F-16F7-4668-BE54-9A1E7A4F7556}") = "WebhookTemplate.Common", "WebhookTemplate.Common\WebhookTemplate.Common.csproj", "{1029D0F3-6A92-4923-9D04-94DDD0447167}"
EndProject
Project("{9A19103F-16F7-4668-BE54-9A1E7A4F7556}") = "WebhookTemplate.WebApp", "WebhookTemplate.WebApp\WebhookTemplate.WebApp.csproj", "{DA679854-1CC9-40B1-8D21-D0DA4150CB52}"
EndProject
Project("{FAE04EC0-301F-11D3-BF4B-00C04F79EFBC}") = "WebhookTemplateActivityLibrary", "WebhookTemplateActivityLibrary\WebhookTemplateActivityLibrary.csproj", "{61750C24-45F6-4279-B01D-518D5D91EA83}"
EndProject
Global
	GlobalSection(SolutionConfigurationPlatforms) = preSolution
		Debug|Any CPU = Debug|Any CPU
		Debug|x64 = Debug|x64
		Debug|x86 = Debug|x86
		Release|Any CPU = Release|Any CPU
		Release|x64 = Release|x64
		Release|x86 = Release|x86
	EndGlobalSection
	GlobalSection(ProjectConfigurationPlatforms) = postSolution
		{D0EDEA00-7BB0-4A72-AA4C-A794E41F6A37}.Debug|Any CPU.ActiveCfg = Debug|Any CPU
		{D0EDEA00-7BB0-4A72-AA4C-A794E41F6A37}.Debug|Any CPU.Build.0 = Debug|Any CPU
		{D0EDEA00-7BB0-4A72-AA4C-A794E41F6A37}.Debug|x64.ActiveCfg = Debug|Any CPU
		{D0EDEA00-7BB0-4A72-AA4C-A794E41F6A37}.Debug|x64.Build.0 = Debug|Any CPU
		{D0EDEA00-7BB0-4A72-AA4C-A794E41F6A37}.Debug|x86.ActiveCfg = Debug|Any CPU
		{D0EDEA00-7BB0-4A72-AA4C-A794E41F6A37}.Debug|x86.Build.0 = Debug|Any CPU
		{D0EDEA00-7BB0-4A72-AA4C-A794E41F6A37}.Release|Any CPU.ActiveCfg = Release|Any CPU
		{D0EDEA00-7BB0-4A72-AA4C-A794E41F6A37}.Release|Any CPU.Build.0 = Release|Any CPU
		{D0EDEA00-7BB0-4A72-AA4C-A794E41F6A37}.Release|x64.ActiveCfg = Release|Any CPU
		{D0EDEA00-7BB0-4A72-AA4C-A794E41F6A37}.Release|x64.Build.0 = Release|Any CPU
		{D0EDEA00-7BB0-4A72-AA4C-A794E41F6A37}.Release|x86.ActiveCfg = Release|Any CPU
		{D0EDEA00-7BB0-4A72-AA4C-A794E41F6A37}.Release|x86.Build.0 = Release|Any CPU
		{1029D0F3-6A92-4923-9D04-94DDD0447167}.Debug|Any CPU.ActiveCfg = Debug|Any CPU
		{1029D0F3-6A92-4923-9D04-94DDD0447167}.Debug|Any CPU.Build.0 = Debug|Any CPU
		{1029D0F3-6A92-4923-9D04-94DDD0447167}.Debug|x64.ActiveCfg = Debug|Any CPU
		{1029D0F3-6A92-4923-9D04-94DDD0447167}.Debug|x64.Build.0 = Debug|Any CPU
		{1029D0F3-6A92-4923-9D04-94DDD0447167}.Debug|x86.ActiveCfg = Debug|Any CPU
		{1029D0F3-6A92-4923-9D04-94DDD0447167}.Debug|x86.Build.0 = Debug|Any CPU
		{1029D0F3-6A92-4923-9D04-94DDD0447167}.Release|Any CPU.ActiveCfg = Release|Any CPU
		{1029D0F3-6A92-4923-9D04-94DDD0447167}.Release|Any CPU.Build.0 = Release|Any CPU
		{1029D0F3-6A92-4923-9D04-94DDD0447167}.Release|x64.ActiveCfg = Release|Any CPU
		{1029D0F3-6A92-4923-9D04-94DDD0447167}.Release|x64.Build.0 = Release|Any CPU
		{1029D0F3-6A92-4923-9D04-94DDD0447167}.Release|x86.ActiveCfg = Release|Any CPU
		{1029D0F3-6A92-4923-9D04-94DDD0447167}.Release|x86.Build.0 = Release|Any CPU
		{DA679854-1CC9-40B1-8D21-D0DA4150CB52}.Debug|Any CPU.ActiveCfg = Debug|Any CPU
		{DA679854-1CC9-40B1-8D21-D0DA4150CB52}.Debug|Any CPU.Build.0 = Debug|Any CPU
		{DA679854-1CC9-40B1-8D21-D0DA4150CB52}.Debug|x64.ActiveCfg = Debug|Any CPU
		{DA679854-1CC9-40B1-8D21-D0DA4150CB52}.Debug|x64.Build.0 = Debug|Any CPU
		{DA679854-1CC9-40B1-8D21-D0DA4150CB52}.Debug|x86.ActiveCfg = Debug|Any CPU
		{DA679854-1CC9-40B1-8D21-D0DA4150CB52}.Debug|x86.Build.0 = Debug|Any CPU
		{DA679854-1CC9-40B1-8D21-D0DA4150CB52}.Release|Any CPU.ActiveCfg = Release|Any CPU
		{DA679854-1CC9-40B1-8D21-D0DA4150CB52}.Release|Any CPU.Build.0 = Release|Any CPU
		{DA679854-1CC9-40B1-8D21-D0DA4150CB52}.Release|x64.ActiveCfg = Release|Any CPU
		{DA679854-1CC9-40B1-8D21-D0DA4150CB52}.Release|x64.Build.0 = Release|Any CPU
		{DA679854-1CC9-40B1-8D21-D0DA4150CB52}.Release|x86.ActiveCfg = Release|Any CPU
		{DA679854-1CC9-40B1-8D21-D0DA4150CB52}.Release|x86.Build.0 = Release|Any CPU
		{61750C24-45F6-4279-B01D-518D5D91EA83}.Debug|Any CPU.ActiveCfg = Debug|Any CPU
		{61750C24-45F6-4279-B01D-518D5D91EA83}.Debug|Any CPU.Build.0 = Debug|Any CPU
		{61750C24-45F6-4279-B01D-518D5D91EA83}.Debug|x64.ActiveCfg = Debug|Any CPU
		{61750C24-45F6-4279-B01D-518D5D91EA83}.Debug|x64.Build.0 = Debug|Any CPU
		{61750C24-45F6-4279-B01D-518D5D91EA83}.Debug|x86.ActiveCfg = Debug|Any CPU
		{61750C24-45F6-4279-B01D-518D5D91EA83}.Debug|x86.Build.0 = Debug|Any CPU
		{61750C24-45F6-4279-B01D-518D5D91EA83}.Release|Any CPU.ActiveCfg = Release|Any CPU
		{61750C24-45F6-4279-B01D-518D5D91EA83}.Release|Any CPU.Build.0 = Release|Any CPU
		{61750C24-45F6-4279-B01D-518D5D91EA83}.Release|x64.ActiveCfg = Release|Any CPU
		{61750C24-45F6-4279-B01D-518D5D91EA83}.Release|x64.Build.0 = Release|Any CPU
		{61750C24-45F6-4279-B01D-518D5D91EA83}.Release|x86.ActiveCfg = Release|Any CPU
		{61750C24-45F6-4279-B01D-518D5D91EA83}.Release|x86.Build.0 = Release|Any CPU
	EndGlobalSection
	GlobalSection(SolutionProperties) = preSolution
		HideSolutionNode = FALSE
	EndGlobalSection
	GlobalSection(ExtensibilityGlobals) = postSolution
		SolutionGuid = {E0AF7629-16AD-4961-82B2-34935E18B285}
	EndGlobalSection
EndGlobal
